
Microsoft Visual Studio Solution File, Format Version 11.00
# Visual Studio 2010
Project("{2150E333-8FDC-42A3-9474-1A3956D46DE8}") = "Engine", "Engine", "{5775BF0C-0D23-4B87-85C5-9235BCDA49F5}"
EndProject
Project("{2150E333-8FDC-42A3-9474-1A3956D46DE8}") = "Game", "Game", "{FF07A9AD-CF1B-48D6-9B0B-172DACC9D552}"
EndProject
Project("{2150E333-8FDC-42A3-9474-1A3956D46DE8}") = "Tools", "Tools", "{AF11CA96-DD73-44B4-8EDB-F89868271505}"
EndProject
Project("{8BC9CEB8-8B4A-11D0-8D11-00A0C91BC942}") = "Videogame", "Videogame\Videogame.vcxproj", "{28996103-F11B-4383-96CA-95E6320E2C46}"
EndProject
Project("{8BC9CEB8-8B4A-11D0-8D11-00A0C91BC942}") = "Core", "Core\Core.vcxproj", "{0323B8D9-42B2-4768-9F73-6DDEAFA020E7}"
EndProject
Project("{8BC9CEB8-8B4A-11D0-8D11-00A0C91BC942}") = "Base", "Base\Base.vcxproj", "{13CD2FD7-8E02-4165-9128-D754579F003F}"
EndProject
Project("{8BC9CEB8-8B4A-11D0-8D11-00A0C91BC942}") = "Graphics", "Graphics\Graphics.vcxproj", "{020A4F02-58DA-466E-85EA-6377045C2B72}"
EndProject
Project("{8BC9CEB8-8B4A-11D0-8D11-00A0C91BC942}") = "GUI", "GUI\GUI.vcxproj", "{775AB187-821E-45DB-8861-66F5251D8A2D}"
EndProject
Project("{8BC9CEB8-8B4A-11D0-8D11-00A0C91BC942}") = "Network", "Network\Network.vcxproj", "{1341C6B1-E103-4A05-BFEF-4E229550C001}"
EndProject
Project("{8BC9CEB8-8B4A-11D0-8D11-00A0C91BC942}") = "PhysX", "PhysX\PhysX.vcxproj", "{D1E294CE-B49D-4C9E-B2BE-E11236D76704}"
EndProject
Project("{8BC9CEB8-8B4A-11D0-8D11-00A0C91BC942}") = "Sound", "Sound\Sound.vcxproj", "{2779982B-C2DC-4CB2-B39F-A966B91C9B70}"
EndProject
Global
	GlobalSection(SolutionConfigurationPlatforms) = preSolution
		Debug|Win32 = Debug|Win32
		Release|Win32 = Release|Win32
	EndGlobalSection
	GlobalSection(ProjectConfigurationPlatforms) = postSolution
		{28996103-F11B-4383-96CA-95E6320E2C46}.Debug|Win32.ActiveCfg = Debug|Win32
		{28996103-F11B-4383-96CA-95E6320E2C46}.Debug|Win32.Build.0 = Debug|Win32
		{28996103-F11B-4383-96CA-95E6320E2C46}.Release|Win32.ActiveCfg = Release|Win32
		{28996103-F11B-4383-96CA-95E6320E2C46}.Release|Win32.Build.0 = Release|Win32
		{0323B8D9-42B2-4768-9F73-6DDEAFA020E7}.Debug|Win32.ActiveCfg = Debug|Win32
		{0323B8D9-42B2-4768-9F73-6DDEAFA020E7}.Debug|Win32.Build.0 = Debug|Win32
		{0323B8D9-42B2-4768-9F73-6DDEAFA020E7}.Release|Win32.ActiveCfg = Release|Win32
		{0323B8D9-42B2-4768-9F73-6DDEAFA020E7}.Release|Win32.Build.0 = Release|Win32
		{13CD2FD7-8E02-4165-9128-D754579F003F}.Debug|Win32.ActiveCfg = Debug|Win32
		{13CD2FD7-8E02-4165-9128-D754579F003F}.Debug|Win32.Build.0 = Debug|Win32
		{13CD2FD7-8E02-4165-9128-D754579F003F}.Release|Win32.ActiveCfg = Release|Win32
		{13CD2FD7-8E02-4165-9128-D754579F003F}.Release|Win32.Build.0 = Release|Win32
		{020A4F02-58DA-466E-85EA-6377045C2B72}.Debug|Win32.ActiveCfg = Debug|Win32
		{020A4F02-58DA-466E-85EA-6377045C2B72}.Debug|Win32.Build.0 = Debug|Win32
		{020A4F02-58DA-466E-85EA-6377045C2B72}.Release|Win32.ActiveCfg = Release|Win32
		{020A4F02-58DA-466E-85EA-6377045C2B72}.Release|Win32.Build.0 = Release|Win32
		{775AB187-821E-45DB-8861-66F5251D8A2D}.Debug|Win32.ActiveCfg = Debug|Win32
		{775AB187-821E-45DB-8861-66F5251D8A2D}.Debug|Win32.Build.0 = Debug|Win32
		{775AB187-821E-45DB-8861-66F5251D8A2D}.Release|Win32.ActiveCfg = Release|Win32
		{775AB187-821E-45DB-8861-66F5251D8A2D}.Release|Win32.Build.0 = Release|Win32
		{1341C6B1-E103-4A05-BFEF-4E229550C001}.Debug|Win32.ActiveCfg = Debug|Win32
		{1341C6B1-E103-4A05-BFEF-4E229550C001}.Debug|Win32.Build.0 = Debug|Win32
		{1341C6B1-E103-4A05-BFEF-4E229550C001}.Release|Win32.ActiveCfg = Release|Win32
		{1341C6B1-E103-4A05-BFEF-4E229550C001}.Release|Win32.Build.0 = Release|Win32
		{D1E294CE-B49D-4C9E-B2BE-E11236D76704}.Debug|Win32.ActiveCfg = Debug|Win32
		{D1E294CE-B49D-4C9E-B2BE-E11236D76704}.Debug|Win32.Build.0 = Debug|Win32
		{D1E294CE-B49D-4C9E-B2BE-E11236D76704}.Release|Win32.ActiveCfg = Release|Win32
		{D1E294CE-B49D-4C9E-B2BE-E11236D76704}.Release|Win32.Build.0 = Release|Win32
		{2779982B-C2DC-4CB2-B39F-A966B91C9B70}.Debug|Win32.ActiveCfg = Debug|Win32
		{2779982B-C2DC-4CB2-B39F-A966B91C9B70}.Debug|Win32.Build.0 = Debug|Win32
		{2779982B-C2DC-4CB2-B39F-A966B91C9B70}.Release|Win32.ActiveCfg = Release|Win32
		{2779982B-C2DC-4CB2-B39F-A966B91C9B70}.Release|Win32.Build.0 = Release|Win32
	EndGlobalSection
	GlobalSection(SolutionProperties) = preSolution
		HideSolutionNode = FALSE
	EndGlobalSection
	GlobalSection(NestedProjects) = preSolution
		{0323B8D9-42B2-4768-9F73-6DDEAFA020E7} = {5775BF0C-0D23-4B87-85C5-9235BCDA49F5}
		{13CD2FD7-8E02-4165-9128-D754579F003F} = {5775BF0C-0D23-4B87-85C5-9235BCDA49F5}
		{020A4F02-58DA-466E-85EA-6377045C2B72} = {5775BF0C-0D23-4B87-85C5-9235BCDA49F5}
		{775AB187-821E-45DB-8861-66F5251D8A2D} = {5775BF0C-0D23-4B87-85C5-9235BCDA49F5}
		{1341C6B1-E103-4A05-BFEF-4E229550C001} = {5775BF0C-0D23-4B87-85C5-9235BCDA49F5}
		{D1E294CE-B49D-4C9E-B2BE-E11236D76704} = {5775BF0C-0D23-4B87-85C5-9235BCDA49F5}
		{2779982B-C2DC-4CB2-B39F-A966B91C9B70} = {5775BF0C-0D23-4B87-85C5-9235BCDA49F5}
		{28996103-F11B-4383-96CA-95E6320E2C46} = {FF07A9AD-CF1B-48D6-9B0B-172DACC9D552}
	EndGlobalSection
EndGlobal
